
Microsoft Visual Studio Solution File, Format Version 12.00
# Visual Studio Version 16
VisualStudioVersion = 16.0.29025.244
MinimumVisualStudioVersion = 10.0.40219.1
Project("{9A19103F-16F7-4668-BE54-9A1E7A4F7556}") = "miNationalrot", "src\miNationalrot\miNationalrot.csproj", "{0F31843F-A90E-46E8-BF52-6B2687067F47}"
EndProject
Project("{2150E333-8FDC-42A3-9474-1A3956D46DE8}") = "SiteItems", "SiteItems", "{2EB44F3F-0795-4A1E-A0AD-BF89F6B58FDF}"
	ProjectSection(SolutionItems) = preProject
		azure-pipelines.yml = azure-pipelines.yml
		Directory.Build.props = Directory.Build.props
		LICENSE = LICENSE
		pub.bat = pub.bat
		README.md = README.md
		SolutionInfo.cs = SolutionInfo.cs
		Test.Build.props = Test.Build.props
	EndProjectSection
EndProject
Project("{9A19103F-16F7-4668-BE54-9A1E7A4F7556}") = "_build", "build\_build.csproj", "{EC2AA02C-142E-4A5C-8F3C-006B2B8388E8}"
EndProject
Project("{9A19103F-16F7-4668-BE54-9A1E7A4F7556}") = "miNationalrot.Tests", "src\miNationalrot.Tests\miNationalrot.Tests.csproj", "{5A11C7F1-9EB3-4096-8F18-33B094E250BB}"
EndProject
Global
	GlobalSection(SolutionConfigurationPlatforms) = preSolution
		Debug|Any CPU = Debug|Any CPU
		Release|Any CPU = Release|Any CPU
	EndGlobalSection
	GlobalSection(ProjectConfigurationPlatforms) = postSolution
		{0F31843F-A90E-46E8-BF52-6B2687067F47}.Debug|Any CPU.ActiveCfg = Debug|Any CPU
		{0F31843F-A90E-46E8-BF52-6B2687067F47}.Debug|Any CPU.Build.0 = Debug|Any CPU
		{0F31843F-A90E-46E8-BF52-6B2687067F47}.Release|Any CPU.ActiveCfg = Release|Any CPU
		{0F31843F-A90E-46E8-BF52-6B2687067F47}.Release|Any CPU.Build.0 = Release|Any CPU
		{EC2AA02C-142E-4A5C-8F3C-006B2B8388E8}.Debug|Any CPU.ActiveCfg = Debug|Any CPU
		{EC2AA02C-142E-4A5C-8F3C-006B2B8388E8}.Release|Any CPU.ActiveCfg = Release|Any CPU
		{5A11C7F1-9EB3-4096-8F18-33B094E250BB}.Debug|Any CPU.ActiveCfg = Debug|Any CPU
		{5A11C7F1-9EB3-4096-8F18-33B094E250BB}.Debug|Any CPU.Build.0 = Debug|Any CPU
		{5A11C7F1-9EB3-4096-8F18-33B094E250BB}.Release|Any CPU.ActiveCfg = Release|Any CPU
		{5A11C7F1-9EB3-4096-8F18-33B094E250BB}.Release|Any CPU.Build.0 = Release|Any CPU
	EndGlobalSection
	GlobalSection(SolutionProperties) = preSolution
		HideSolutionNode = FALSE
	EndGlobalSection
	GlobalSection(ExtensibilityGlobals) = postSolution
		SolutionGuid = {DD96F706-DF0A-4053-ACAC-A14B838CC707}
	EndGlobalSection
EndGlobal
